PODS:
  - StylingKitThemes/blue/css (0.1.2):
    - StylingKitThemes/Core
  - StylingKitThemes/blue/scss (0.1.2):
    - StylingKitThemes/Core
  - StylingKitThemes/Core (0.1.2):
    - StylingKitThemes/Core/All (= 0.1.2)
  - StylingKitThemes/Core/All (0.1.2):
    - StylingKitThemes/Core/Icons
    - StylingKitThemes/Core/Scripts
  - StylingKitThemes/Core/Icons (0.1.2)
  - StylingKitThemes/Core/Scripts (0.1.2)

DEPENDENCIES:
  - StylingKitThemes/blue/css (from `../`)
  - StylingKitThemes/blue/scss (from `../`)

EXTERNAL SOURCES:
  StylingKitThemes:
    :path: "../"

SPEC CHECKSUMS:
  StylingKitThemes: 22712826545a815d5539e1664c5ced577c3c09bd

COCOAPODS: 0.39.0
