PODS:
  - StylingKitThemes/blue/css (0.1.2):
    - StylingKitThemes/Core
  - StylingKitThemes/blue/scss (0.1.2):
    - StylingKitThemes/Core
  - StylingKitThemes/Core (0.1.2):
    - StylingKitThemes/Core/All (= 0.1.2)
    - StylingKitThemes/Core/Icons (= 0.1.2)
    - StylingKitThemes/Core/Scripts (= 0.1.2)
  - StylingKitThemes/Core/All (0.1.2):
    - StylingKitThemes/Core/Icons
    - StylingKitThemes/Core/Scripts
  - StylingKitThemes/Core/Icons (0.1.2)
  - StylingKitThemes/Core/Scripts (0.1.2)

DEPENDENCIES:
  - StylingKitThemes/blue/css (from `../`)
  - StylingKitThemes/blue/scss (from `../`)

EXTERNAL SOURCES:
  StylingKitThemes:
    :path: "../"

SPEC CHECKSUMS:
  StylingKitThemes: c740d5ebd790e7225fba4f83b10a5cf8292dc125

PODFILE CHECKSUM: 76357578ea69d2855be017ea0e9ec599cd0836f3

COCOAPODS: 1.0.1
